
Microsoft Visual Studio Solution File, Format Version 12.00
# Visual Studio Version 17
VisualStudioVersion = 17.7.34202.233
MinimumVisualStudioVersion = 10.0.40219.1
Project("{FAE04EC0-301F-11D3-BF4B-00C04F79EFBC}") = "Backend-WebApi", "Backend-WebApi\Backend-WebApi.csproj", "{B3286B8F-176A-4E9B-8A33-DAD289563053}"
EndProject
Global
	GlobalSection(SolutionConfigurationPlatforms) = preSolution
		Debug|Any CPU = Debug|Any CPU
		Release|Any CPU = Release|Any CPU
	EndGlobalSection
	GlobalSection(ProjectConfigurationPlatforms) = postSolution
		{B3286B8F-176A-4E9B-8A33-DAD289563053}.Debug|Any CPU.ActiveCfg = Debug|Any CPU
		{B3286B8F-176A-4E9B-8A33-DAD289563053}.Debug|Any CPU.Build.0 = Debug|Any CPU
		{B3286B8F-176A-4E9B-8A33-DAD289563053}.Release|Any CPU.ActiveCfg = Release|Any CPU
		{B3286B8F-176A-4E9B-8A33-DAD289563053}.Release|Any CPU.Build.0 = Release|Any CPU
	EndGlobalSection
	GlobalSection(SolutionProperties) = preSolution
		HideSolutionNode = FALSE
	EndGlobalSection
	GlobalSection(ExtensibilityGlobals) = postSolution
		SolutionGuid = {D8843DA0-13F6-4745-A56A-88CBFF6F88C9}
	EndGlobalSection
EndGlobal
